// !$*UTF8*$!
{
	archiveVersion = 1;
	classes = {
	};
	objectVersion = 46;
	objects = {

/* Begin PBXBuildFile section */
		05041E3918ED7DF500204C53 /* Foundation.framework in Frameworks */ = {isa = PBXBuildFile; fileRef = 05041E3818ED7DF500204C53 /* Foundation.framework */; };
		05041E3C18ED7DF500204C53 /* main.m in Sources */ = {isa = PBXBuildFile; fileRef = 05041E3B18ED7DF500204C53 /* main.m */; };
		05041E4018ED7DF500204C53 /* SimpleCalculator.1 in CopyFiles */ = {isa = PBXBuildFile; fileRef = 05041E3F18ED7DF500204C53 /* SimpleCalculator.1 */; };
		05041E4B18ED8D8800204C53 /* Validate.m in Sources */ = {isa = PBXBuildFile; fileRef = 05041E4A18ED8D8800204C53 /* Validate.m */; };
		05041E4E18ED995900204C53 /* Operator.m in Sources */ = {isa = PBXBuildFile; fileRef = 05041E4D18ED995900204C53 /* Operator.m */; };
		05041E5118EDB41100204C53 /* Calculator.m in Sources */ = {isa = PBXBuildFile; fileRef = 05041E5018EDB41100204C53 /* Calculator.m */; };
/* End PBXBuildFile section */

/* Begin PBXCopyFilesBuildPhase section */
		05041E3318ED7DF500204C53 /* CopyFiles */ = {
			isa = PBXCopyFilesBuildPhase;
			buildActionMask = 2147483647;
			dstPath = /usr/share/man/man1/;
			dstSubfolderSpec = 0;
			files = (
				05041E4018ED7DF500204C53 /* SimpleCalculator.1 in CopyFiles */,
			);
			runOnlyForDeploymentPostprocessing = 1;
		};
/* End PBXCopyFilesBuildPhase section */

/* Begin PBXFileReference section */
		05041E3518ED7DF500204C53 /* SimpleCalculator */ = {isa = PBXFileReference; explicitFileType = "compiled.mach-o.executable"; includeInIndex = 0; path = SimpleCalculator; sourceTree = BUILT_PRODUCTS_DIR; };
		05041E3818ED7DF500204C53 /* Foundation.framework */ = {isa = PBXFileReference; lastKnownFileType = wrapper.framework; name = Foundation.framework; path = System/Library/Frameworks/Foundation.framework; sourceTree = SDKROOT; };
		05041E3B18ED7DF500204C53 /* main.m */ = {isa = PBXFileReference; lastKnownFileType = sourcecode.c.objc; path = main.m; sourceTree = "<group>"; };
		05041E3E18ED7DF500204C53 /* SimpleCalculator-Prefix.pch */ = {isa = PBXFileReference; lastKnownFileType = sourcecode.c.h; path = "SimpleCalculator-Prefix.pch"; sourceTree = "<group>"; };
		05041E3F18ED7DF500204C53 /* SimpleCalculator.1 */ = {isa = PBXFileReference; lastKnownFileType = text.man; path = SimpleCalculator.1; sourceTree = "<group>"; };
		05041E4918ED8D8800204C53 /* Validate.h */ = {isa = PBXFileReference; fileEncoding = 4; lastKnownFileType = sourcecode.c.h; path = Validate.h; sourceTree = "<group>"; };
		05041E4A18ED8D8800204C53 /* Validate.m */ = {isa = PBXFileReference; fileEncoding = 4; lastKnownFileType = sourcecode.c.objc; path = Validate.m; sourceTree = "<group>"; };
		05041E4C18ED995900204C53 /* Operator.h */ = {isa = PBXFileReference; fileEncoding = 4; lastKnownFileType = sourcecode.c.h; path = Operator.h; sourceTree = "<group>"; };
		05041E4D18ED995900204C53 /* Operator.m */ = {isa = PBXFileReference; fileEncoding = 4; lastKnownFileType = sourcecode.c.objc; path = Operator.m; sourceTree = "<group>"; };
		05041E4F18EDB41100204C53 /* Calculator.h */ = {isa = PBXFileReference; fileEncoding = 4; lastKnownFileType = sourcecode.c.h; path = Calculator.h; sourceTree = "<group>"; };
		05041E5018EDB41100204C53 /* Calculator.m */ = {isa = PBXFileReference; fileEncoding = 4; lastKnownFileType = sourcecode.c.objc; path = Calculator.m; sourceTree = "<group>"; };
/* End PBXFileReference section */

/* Begin PBXFrameworksBuildPhase section */
		05041E3218ED7DF500204C53 /* Frameworks */ = {
			isa = PBXFrameworksBuildPhase;
			buildActionMask = 2147483647;
			files = (
				05041E3918ED7DF500204C53 /* Foundation.framework in Frameworks */,
			);
			runOnlyForDeploymentPostprocessing = 0;
		};
/* End PBXFrameworksBuildPhase section */

/* Begin PBXGroup section */
		05041E2C18ED7DF500204C53 = {
			isa = PBXGroup;
			children = (
				05041E3A18ED7DF500204C53 /* SimpleCalculator */,
				05041E3718ED7DF500204C53 /* Frameworks */,
				05041E3618ED7DF500204C53 /* Products */,
			);
			sourceTree = "<group>";
		};
		05041E3618ED7DF500204C53 /* Products */ = {
			isa = PBXGroup;
			children = (
				05041E3518ED7DF500204C53 /* SimpleCalculator */,
			);
			name = Products;
			sourceTree = "<group>";
		};
		05041E3718ED7DF500204C53 /* Frameworks */ = {
			isa = PBXGroup;
			children = (
				05041E3818ED7DF500204C53 /* Foundation.framework */,
			);
			name = Frameworks;
			sourceTree = "<group>";
		};
		05041E3A18ED7DF500204C53 /* SimpleCalculator */ = {
			isa = PBXGroup;
			children = (
				05041E3B18ED7DF500204C53 /* main.m */,
				05041E3F18ED7DF500204C53 /* SimpleCalculator.1 */,
				05041E3D18ED7DF500204C53 /* Supporting Files */,
				05041E4918ED8D8800204C53 /* Validate.h */,
				05041E4A18ED8D8800204C53 /* Validate.m */,
				05041E4C18ED995900204C53 /* Operator.h */,
				05041E4D18ED995900204C53 /* Operator.m */,
				05041E4F18EDB41100204C53 /* Calculator.h */,
				05041E5018EDB41100204C53 /* Calculator.m */,
			);
			path = SimpleCalculator;
			sourceTree = "<group>";
		};
		05041E3D18ED7DF500204C53 /* Supporting Files */ = {
			isa = PBXGroup;
			children = (
				05041E3E18ED7DF500204C53 /* SimpleCalculator-Prefix.pch */,
			);
			name = "Supporting Files";
			sourceTree = "<group>";
		};
/* End PBXGroup section */

/* Begin PBXNativeTarget section */
		05041E3418ED7DF500204C53 /* SimpleCalculator */ = {
			isa = PBXNativeTarget;
			buildConfigurationList = 05041E4318ED7DF500204C53 /* Build configuration list for PBXNativeTarget "SimpleCalculator" */;
			buildPhases = (
				05041E3118ED7DF500204C53 /* Sources */,
				05041E3218ED7DF500204C53 /* Frameworks */,
				05041E3318ED7DF500204C53 /* CopyFiles */,
			);
			buildRules = (
			);
			dependencies = (
			);
			name = SimpleCalculator;
			productName = SimpleCalculator;
			productReference = 05041E3518ED7DF500204C53 /* SimpleCalculator */;
			productType = "com.apple.product-type.tool";
		};
/* End PBXNativeTarget section */

/* Begin PBXProject section */
		05041E2D18ED7DF500204C53 /* Project object */ = {
			isa = PBXProject;
			attributes = {
				LastUpgradeCheck = 0510;
				ORGANIZATIONNAME = "mina asad";
			};
			buildConfigurationList = 05041E3018ED7DF500204C53 /* Build configuration list for PBXProject "SimpleCalculator" */;
			compatibilityVersion = "Xcode 3.2";
			developmentRegion = English;
			hasScannedForEncodings = 0;
			knownRegions = (
				en,
			);
			mainGroup = 05041E2C18ED7DF500204C53;
			productRefGroup = 05041E3618ED7DF500204C53 /* Products */;
			projectDirPath = "";
			projectRoot = "";
			targets = (
				05041E3418ED7DF500204C53 /* SimpleCalculator */,
			);
		};
/* End PBXProject section */

/* Begin PBXSourcesBuildPhase section */
		05041E3118ED7DF500204C53 /* Sources */ = {
			isa = PBXSourcesBuildPhase;
			buildActionMask = 2147483647;
			files = (
				05041E4B18ED8D8800204C53 /* Validate.m in Sources */,
				05041E5118EDB41100204C53 /* Calculator.m in Sources */,
				05041E4E18ED995900204C53 /* Operator.m in Sources */,
				05041E3C18ED7DF500204C53 /* main.m in Sources */,
			);
			runOnlyForDeploymentPostprocessing = 0;
		};
/* End PBXSourcesBuildPhase section */

/* Begin XCBuildConfiguration section */
		05041E4118ED7DF500204C53 /* Debug */ = {
			isa = XCBuildConfiguration;
			buildSettings = {
				ALWAYS_SEARCH_USER_PATHS = NO;
				CLANG_CXX_LANGUAGE_STANDARD = "gnu++0x";
				CLANG_CXX_LIBRARY = "libc++";
				CLANG_ENABLE_MODULES = YES;
				CLANG_ENABLE_OBJC_ARC = YES;
				CLANG_WARN_BOOL_CONVERSION = YES;
				CLANG_WARN_CONSTANT_CONVERSION = YES;
				CLANG_WARN_DIRECT_OBJC_ISA_USAGE = YES_ERROR;
				CLANG_WARN_EMPTY_BODY = YES;
				CLANG_WARN_ENUM_CONVERSION = YES;
				CLANG_WARN_INT_CONVERSION = YES;
				CLANG_WARN_OBJC_ROOT_CLASS = YES_ERROR;
				CLANG_WARN__DUPLICATE_METHOD_MATCH = YES;
				COPY_PHASE_STRIP = NO;
				GCC_C_LANGUAGE_STANDARD = gnu99;
				GCC_DYNAMIC_NO_PIC = NO;
				GCC_ENABLE_OBJC_EXCEPTIONS = YES;
				GCC_OPTIMIZATION_LEVEL = 0;
				GCC_PREPROCESSOR_DEFINITIONS = (
					"DEBUG=1",
					"$(inherited)",
				);
				GCC_SYMBOLS_PRIVATE_EXTERN = NO;
				GCC_WARN_64_TO_32_BIT_CONVERSION = YES;
				GCC_WARN_ABOUT_RETURN_TYPE = YES_ERROR;
				GCC_WARN_UNDECLARED_SELECTOR = YES;
				GCC_WARN_UNINITIALIZED_AUTOS = YES_AGGRESSIVE;
				GCC_WARN_UNUSED_FUNCTION = YES;
				GCC_WARN_UNUSED_VARIABLE = YES;
				MACOSX_DEPLOYMENT_TARGET = 10.9;
				ONLY_ACTIVE_ARCH = YES;
				SDKROOT = macosx;
			};
			name = Debug;
		};
		05041E4218ED7DF500204C53 /* Release */ = {
			isa = XCBuildConfiguration;
			buildSettings = {
				ALWAYS_SEARCH_USER_PATHS = NO;
				CLANG_CXX_LANGUAGE_STANDARD = "gnu++0x";
				CLANG_CXX_LIBRARY = "libc++";
				CLANG_ENABLE_MODULES = YES;
				CLANG_ENABLE_OBJC_ARC = YES;
				CLANG_WARN_BOOL_CONVERSION = YES;
				CLANG_WARN_CONSTANT_CONVERSION = YES;
				CLANG_WARN_DIRECT_OBJC_ISA_USAGE = YES_ERROR;
				CLANG_WARN_EMPTY_BODY = YES;
				CLANG_WARN_ENUM_CONVERSION = YES;
				CLANG_WARN_INT_CONVERSION = YES;
				CLANG_WARN_OBJC_ROOT_CLASS = YES_ERROR;
				CLANG_WARN__DUPLICATE_METHOD_MATCH = YES;
				COPY_PHASE_STRIP = YES;
				DEBUG_INFORMATION_FORMAT = "dwarf-with-dsym";
				ENABLE_NS_ASSERTIONS = NO;
				GCC_C_LANGUAGE_STANDARD = gnu99;
				GCC_ENABLE_OBJC_EXCEPTIONS = YES;
				GCC_WARN_64_TO_32_BIT_CONVERSION = YES;
				GCC_WARN_ABOUT_RETURN_TYPE = YES_ERROR;
				GCC_WARN_UNDECLARED_SELECTOR = YES;
				GCC_WARN_UNINITIALIZED_AUTOS = YES_AGGRESSIVE;
				GCC_WARN_UNUSED_FUNCTION = YES;
				GCC_WARN_UNUSED_VARIABLE = YES;
				MACOSX_DEPLOYMENT_TARGET = 10.9;
				SDKROOT = macosx;
			};
			name = Release;
		};
		05041E4418ED7DF500204C53 /* Debug */ = {
			isa = XCBuildConfiguration;
			buildSettings = {
				GCC_PRECOMPILE_PREFIX_HEADER = YES;
				GCC_PREFIX_HEADER = "SimpleCalculator/SimpleCalculator-Prefix.pch";
				PRODUCT_NAME = "$(TARGET_NAME)";
			};
			name = Debug;
		};
		05041E4518ED7DF500204C53 /* Release */ = {
			isa = XCBuildConfiguration;
			buildSettings = {
				GCC_PRECOMPILE_PREFIX_HEADER = YES;
				GCC_PREFIX_HEADER = "SimpleCalculator/SimpleCalculator-Prefix.pch";
				PRODUCT_NAME = "$(TARGET_NAME)";
			};
			name = Release;
		};
/* End XCBuildConfiguration section */

/* Begin XCConfigurationList section */
		05041E3018ED7DF500204C53 /* Build configuration list for PBXProject "SimpleCalculator" */ = {
			isa = XCConfigurationList;
			buildConfigurations = (
				05041E4118ED7DF500204C53 /* Debug */,
				05041E4218ED7DF500204C53 /* Release */,
			);
			defaultConfigurationIsVisible = 0;
			defaultConfigurationName = Release;
		};
		05041E4318ED7DF500204C53 /* Build configuration list for PBXNativeTarget "SimpleCalculator" */ = {
			isa = XCConfigurationList;
			buildConfigurations = (
				05041E4418ED7DF500204C53 /* Debug */,
				05041E4518ED7DF500204C53 /* Release */,
			);
			defaultConfigurationIsVisible = 0;
		};
/* End XCConfigurationList section */
	};
	rootObject = 05041E2D18ED7DF500204C53 /* Project object */;
}
